PODS:
  - appstarter-pod-ios (0.1.16):
    - MockBalm
    - SwiftLint
    - XCGLogger (~> 7.0)
  - MockBalm (0.1.10):
    - Sourcery (~> 0.16)
  - ObjcExceptionBridging (1.0.1):
    - ObjcExceptionBridging/ObjcExceptionBridging (= 1.0.1)
  - ObjcExceptionBridging/ObjcExceptionBridging (1.0.1)
  - Sourcery (0.16.2)
  - SwiftLint (0.34.0)
  - XCGLogger (7.0.0):
    - XCGLogger/Core (= 7.0.0)
  - XCGLogger/Core (7.0.0):
    - ObjcExceptionBridging

DEPENDENCIES:
  - appstarter-pod-ios (from `../`)

SPEC REPOS:
  https://github.com/cocoapods/specs.git:
    - MockBalm
    - ObjcExceptionBridging
    - Sourcery
    - SwiftLint
    - XCGLogger

EXTERNAL SOURCES:
  appstarter-pod-ios:
    :path: "../"

SPEC CHECKSUMS:
  appstarter-pod-ios: 7fba1fb4ded0df3c48cd33aa42f77739433e55ea
  MockBalm: cb5363f63bd50170fe02aa7c77377497e2b0160b
  ObjcExceptionBridging: c30e00eb3700467e695faeea30e26e18bd445001
  Sourcery: 3f406d227efd179773b3c3599ebd1700d1a6013c
  SwiftLint: 79d48a17c6565dc286c37efb8322c7b450f95c67
  XCGLogger: 0434f15e3909cdc450bb63faf638b8792ab782ab

PODFILE CHECKSUM: 4f07b01176984339265e443281689ba7f592a1b9

COCOAPODS: 1.7.4
