PODS:
  - appstarter-pod-ios (0.1.1)

DEPENDENCIES:
  - appstarter-pod-ios (from `../`)

EXTERNAL SOURCES:
  appstarter-pod-ios:
    :path: "../"

SPEC CHECKSUMS:
  appstarter-pod-ios: 610479c16222d0a267fe5b967e8ae95408380882

PODFILE CHECKSUM: 5cec687f26d500baff8dad319531bd1835f8c0a0

COCOAPODS: 1.7.1
