PODS:
  - appstarter-pod-ios (0.1.2)

DEPENDENCIES:
  - appstarter-pod-ios (from `../`)

EXTERNAL SOURCES:
  appstarter-pod-ios:
    :path: "../"

SPEC CHECKSUMS:
  appstarter-pod-ios: f7c9aa86498d0e4f958996ea397bbf7271592820

PODFILE CHECKSUM: 4f07b01176984339265e443281689ba7f592a1b9

COCOAPODS: 1.7.1
